
Microsoft Visual Studio Solution File, Format Version 12.00
# Visual Studio 15
VisualStudioVersion = 15.0.27703.2000
MinimumVisualStudioVersion = 10.0.40219.1
Project("{9A19103F-16F7-4668-BE54-9A1E7A4F7556}") = "FirstSignalR", "FirstSignalR\FirstSignalR.csproj", "{7DEA1188-5FAE-4C30-B589-7FEC6B33A84B}"
EndProject
Project("{FAE04EC0-301F-11D3-BF4B-00C04F79EFBC}") = "MessagePackWebApi", "MessagePackWebApi\MessagePackWebApi.csproj", "{1CA9D87D-F8DC-4599-9904-024847CFAEAD}"
EndProject
Project("{FAE04EC0-301F-11D3-BF4B-00C04F79EFBC}") = "Models", "Models\Models.csproj", "{A35E6963-5CFD-417A-9AB1-289BB86F8FB1}"
EndProject
Project("{FAE04EC0-301F-11D3-BF4B-00C04F79EFBC}") = "Contracts", "Contracts\Contracts.csproj", "{D879FE50-3118-423D-9EE4-C3B318BFAE73}"
EndProject
Global
	GlobalSection(SolutionConfigurationPlatforms) = preSolution
		Debug|Any CPU = Debug|Any CPU
		Release|Any CPU = Release|Any CPU
	EndGlobalSection
	GlobalSection(ProjectConfigurationPlatforms) = postSolution
		{7DEA1188-5FAE-4C30-B589-7FEC6B33A84B}.Debug|Any CPU.ActiveCfg = Debug|Any CPU
		{7DEA1188-5FAE-4C30-B589-7FEC6B33A84B}.Debug|Any CPU.Build.0 = Debug|Any CPU
		{7DEA1188-5FAE-4C30-B589-7FEC6B33A84B}.Release|Any CPU.ActiveCfg = Release|Any CPU
		{7DEA1188-5FAE-4C30-B589-7FEC6B33A84B}.Release|Any CPU.Build.0 = Release|Any CPU
		{1CA9D87D-F8DC-4599-9904-024847CFAEAD}.Debug|Any CPU.ActiveCfg = Debug|Any CPU
		{1CA9D87D-F8DC-4599-9904-024847CFAEAD}.Debug|Any CPU.Build.0 = Debug|Any CPU
		{1CA9D87D-F8DC-4599-9904-024847CFAEAD}.Release|Any CPU.ActiveCfg = Release|Any CPU
		{1CA9D87D-F8DC-4599-9904-024847CFAEAD}.Release|Any CPU.Build.0 = Release|Any CPU
		{A35E6963-5CFD-417A-9AB1-289BB86F8FB1}.Debug|Any CPU.ActiveCfg = Debug|Any CPU
		{A35E6963-5CFD-417A-9AB1-289BB86F8FB1}.Debug|Any CPU.Build.0 = Debug|Any CPU
		{A35E6963-5CFD-417A-9AB1-289BB86F8FB1}.Release|Any CPU.ActiveCfg = Release|Any CPU
		{A35E6963-5CFD-417A-9AB1-289BB86F8FB1}.Release|Any CPU.Build.0 = Release|Any CPU
		{D879FE50-3118-423D-9EE4-C3B318BFAE73}.Debug|Any CPU.ActiveCfg = Debug|Any CPU
		{D879FE50-3118-423D-9EE4-C3B318BFAE73}.Debug|Any CPU.Build.0 = Debug|Any CPU
		{D879FE50-3118-423D-9EE4-C3B318BFAE73}.Release|Any CPU.ActiveCfg = Release|Any CPU
		{D879FE50-3118-423D-9EE4-C3B318BFAE73}.Release|Any CPU.Build.0 = Release|Any CPU
	EndGlobalSection
	GlobalSection(SolutionProperties) = preSolution
		HideSolutionNode = FALSE
	EndGlobalSection
	GlobalSection(ExtensibilityGlobals) = postSolution
		SolutionGuid = {3FD3675D-4AA9-4FFA-94D3-1CA617269635}
	EndGlobalSection
EndGlobal
