
Microsoft Visual Studio Solution File, Format Version 12.00
# Visual Studio 15
VisualStudioVersion = 15.0.27703.2000
MinimumVisualStudioVersion = 10.0.40219.1
Project("{2150E333-8FDC-42A3-9474-1A3956D46DE8}") = "src", "src", "{EAF217B2-BA37-435F-868D-9F7FDF622B7B}"
EndProject
Project("{2150E333-8FDC-42A3-9474-1A3956D46DE8}") = "tests", "tests", "{ABF3ED3B-2C34-45F9-B6CA-928776579856}"
EndProject
Project("{2150E333-8FDC-42A3-9474-1A3956D46DE8}") = "scripts", "scripts", "{D711EB05-A582-4E2A-B0EA-BE44CB9DCFB3}"
	ProjectSection(SolutionItems) = preProject
		.travis.yml = .travis.yml
		build.cake = build.cake
		Build.ps1 = Build.ps1
	EndProjectSection
EndProject
Project("{2150E333-8FDC-42A3-9474-1A3956D46DE8}") = "Solution Items", "Solution Items", "{F11AD9C1-DD81-4D7E-BD72-F91207A6E525}"
	ProjectSection(SolutionItems) = preProject
		Directory.Build.props = Directory.Build.props
		Directory.Build.targets = Directory.Build.targets
	EndProjectSection
EndProject
Project("{2150E333-8FDC-42A3-9474-1A3956D46DE8}") = "Libraries", "Libraries", "{B0C2BE5C-327C-4A75-86F3-7138B8ADD574}"
EndProject
Project("{2150E333-8FDC-42A3-9474-1A3956D46DE8}") = "Applicational", "Applicational", "{63388AD7-E37C-4CCB-85E2-14E8CB408C64}"
EndProject
Project("{2150E333-8FDC-42A3-9474-1A3956D46DE8}") = "Hosts", "Hosts", "{935BF6C0-928E-49FC-9AB1-AACD1359AAA9}"
EndProject
Project("{FAE04EC0-301F-11D3-BF4B-00C04F79EFBC}") = "WebApiHost", "src\Hosts\WebApiHost\WebApiHost.csproj", "{ACB63446-CE96-4488-A96D-00AC8757CE4F}"
EndProject
Project("{9A19103F-16F7-4668-BE54-9A1E7A4F7556}") = "Components.MsgPack", "src\Libraries\Components.MsgPack\Components.MsgPack.csproj", "{4756587C-8EA7-4506-8192-BF4DEB193964}"
EndProject
Project("{9A19103F-16F7-4668-BE54-9A1E7A4F7556}") = "Components.Web.Http", "src\Libraries\Components.Web.Http\Components.Web.Http.csproj", "{7CB20550-E3E9-41DD-98B9-C97C8F8E0A23}"
EndProject
Project("{9A19103F-16F7-4668-BE54-9A1E7A4F7556}") = "Components.Metrics", "src\Libraries\Components.Metrics\Components.Metrics.csproj", "{0ED97249-1A25-4112-9A43-E542AFCAE455}"
EndProject
Project("{FAE04EC0-301F-11D3-BF4B-00C04F79EFBC}") = "Conmponents.Web.Http.Tests", "tests\Conmponents.Web.Http.Tests\Conmponents.Web.Http.Tests.csproj", "{56F4E440-4ECF-47B5-A026-65220FD833ED}"
EndProject
Global
	GlobalSection(SolutionConfigurationPlatforms) = preSolution
		Debug|Any CPU = Debug|Any CPU
		Release|Any CPU = Release|Any CPU
	EndGlobalSection
	GlobalSection(ProjectConfigurationPlatforms) = postSolution
		{ACB63446-CE96-4488-A96D-00AC8757CE4F}.Debug|Any CPU.ActiveCfg = Debug|Any CPU
		{ACB63446-CE96-4488-A96D-00AC8757CE4F}.Debug|Any CPU.Build.0 = Debug|Any CPU
		{ACB63446-CE96-4488-A96D-00AC8757CE4F}.Release|Any CPU.ActiveCfg = Release|Any CPU
		{ACB63446-CE96-4488-A96D-00AC8757CE4F}.Release|Any CPU.Build.0 = Release|Any CPU
		{4756587C-8EA7-4506-8192-BF4DEB193964}.Debug|Any CPU.ActiveCfg = Debug|Any CPU
		{4756587C-8EA7-4506-8192-BF4DEB193964}.Debug|Any CPU.Build.0 = Debug|Any CPU
		{4756587C-8EA7-4506-8192-BF4DEB193964}.Release|Any CPU.ActiveCfg = Release|Any CPU
		{4756587C-8EA7-4506-8192-BF4DEB193964}.Release|Any CPU.Build.0 = Release|Any CPU
		{7CB20550-E3E9-41DD-98B9-C97C8F8E0A23}.Debug|Any CPU.ActiveCfg = Debug|Any CPU
		{7CB20550-E3E9-41DD-98B9-C97C8F8E0A23}.Debug|Any CPU.Build.0 = Debug|Any CPU
		{7CB20550-E3E9-41DD-98B9-C97C8F8E0A23}.Release|Any CPU.ActiveCfg = Release|Any CPU
		{7CB20550-E3E9-41DD-98B9-C97C8F8E0A23}.Release|Any CPU.Build.0 = Release|Any CPU
		{0ED97249-1A25-4112-9A43-E542AFCAE455}.Debug|Any CPU.ActiveCfg = Debug|Any CPU
		{0ED97249-1A25-4112-9A43-E542AFCAE455}.Debug|Any CPU.Build.0 = Debug|Any CPU
		{0ED97249-1A25-4112-9A43-E542AFCAE455}.Release|Any CPU.ActiveCfg = Release|Any CPU
		{0ED97249-1A25-4112-9A43-E542AFCAE455}.Release|Any CPU.Build.0 = Release|Any CPU
		{56F4E440-4ECF-47B5-A026-65220FD833ED}.Debug|Any CPU.ActiveCfg = Debug|Any CPU
		{56F4E440-4ECF-47B5-A026-65220FD833ED}.Debug|Any CPU.Build.0 = Debug|Any CPU
		{56F4E440-4ECF-47B5-A026-65220FD833ED}.Release|Any CPU.ActiveCfg = Release|Any CPU
		{56F4E440-4ECF-47B5-A026-65220FD833ED}.Release|Any CPU.Build.0 = Release|Any CPU
	EndGlobalSection
	GlobalSection(SolutionProperties) = preSolution
		HideSolutionNode = FALSE
	EndGlobalSection
	GlobalSection(NestedProjects) = preSolution
		{B0C2BE5C-327C-4A75-86F3-7138B8ADD574} = {EAF217B2-BA37-435F-868D-9F7FDF622B7B}
		{63388AD7-E37C-4CCB-85E2-14E8CB408C64} = {EAF217B2-BA37-435F-868D-9F7FDF622B7B}
		{935BF6C0-928E-49FC-9AB1-AACD1359AAA9} = {EAF217B2-BA37-435F-868D-9F7FDF622B7B}
		{ACB63446-CE96-4488-A96D-00AC8757CE4F} = {935BF6C0-928E-49FC-9AB1-AACD1359AAA9}
		{4756587C-8EA7-4506-8192-BF4DEB193964} = {B0C2BE5C-327C-4A75-86F3-7138B8ADD574}
		{7CB20550-E3E9-41DD-98B9-C97C8F8E0A23} = {B0C2BE5C-327C-4A75-86F3-7138B8ADD574}
		{0ED97249-1A25-4112-9A43-E542AFCAE455} = {B0C2BE5C-327C-4A75-86F3-7138B8ADD574}
		{56F4E440-4ECF-47B5-A026-65220FD833ED} = {ABF3ED3B-2C34-45F9-B6CA-928776579856}
	EndGlobalSection
	GlobalSection(ExtensibilityGlobals) = postSolution
		SolutionGuid = {3FD3675D-4AA9-4FFA-94D3-1CA617269635}
	EndGlobalSection
EndGlobal
