
Microsoft Visual Studio Solution File, Format Version 12.00
# Visual Studio 15
VisualStudioVersion = 15.0.27703.2000
MinimumVisualStudioVersion = 10.0.40219.1
Project("{9A19103F-16F7-4668-BE54-9A1E7A4F7556}") = "WebApiTests", "tests\WebApiTests\WebApiTests.csproj", "{07DD72EC-AC00-4EA5-96F4-652E150F1BEE}"
EndProject
Project("{2150E333-8FDC-42A3-9474-1A3956D46DE8}") = "src", "src", "{EAF217B2-BA37-435F-868D-9F7FDF622B7B}"
EndProject
Project("{2150E333-8FDC-42A3-9474-1A3956D46DE8}") = "tests", "tests", "{ABF3ED3B-2C34-45F9-B6CA-928776579856}"
EndProject
Project("{2150E333-8FDC-42A3-9474-1A3956D46DE8}") = "scripts", "scripts", "{D711EB05-A582-4E2A-B0EA-BE44CB9DCFB3}"
	ProjectSection(SolutionItems) = preProject
		.travis.yml = .travis.yml
		build.cake = build.cake
		Build.ps1 = Build.ps1
	EndProjectSection
EndProject
Project("{2150E333-8FDC-42A3-9474-1A3956D46DE8}") = "Solution Items", "Solution Items", "{F11AD9C1-DD81-4D7E-BD72-F91207A6E525}"
	ProjectSection(SolutionItems) = preProject
		Directory.Build.props = Directory.Build.props
		Directory.Build.targets = Directory.Build.targets
	EndProjectSection
EndProject
Project("{2150E333-8FDC-42A3-9474-1A3956D46DE8}") = "Frameworks", "Frameworks", "{B0C2BE5C-327C-4A75-86F3-7138B8ADD574}"
EndProject
Project("{2150E333-8FDC-42A3-9474-1A3956D46DE8}") = "Applicational", "Applicational", "{63388AD7-E37C-4CCB-85E2-14E8CB408C64}"
EndProject
Project("{9A19103F-16F7-4668-BE54-9A1E7A4F7556}") = "Contracts", "src\Applicational\Contracts\Contracts.csproj", "{759B36CB-95ED-4A22-9660-C9473E3A079B}"
EndProject
Project("{9A19103F-16F7-4668-BE54-9A1E7A4F7556}") = "Models", "src\Applicational\Models\Models.csproj", "{D989AD92-2B1D-406E-9E24-B105457C7426}"
EndProject
Project("{9A19103F-16F7-4668-BE54-9A1E7A4F7556}") = "FirstSignalR", "src\Applicational\FirstSignalR\FirstSignalR.csproj", "{8832BAC3-A326-4A11-9309-444009F106AD}"
EndProject
Project("{9A19103F-16F7-4668-BE54-9A1E7A4F7556}") = "Components.Http", "src\Frameworks\Components.Http\Components.Http.csproj", "{FE7A5F14-9E7B-4125-B8CB-96118AC15DC3}"
EndProject
Project("{9A19103F-16F7-4668-BE54-9A1E7A4F7556}") = "Components.Mvc", "src\Frameworks\Components.Mvc\Components.Mvc.csproj", "{756744E1-0A03-4D06-B102-6BB2F5C2BFCE}"
EndProject
Project("{9A19103F-16F7-4668-BE54-9A1E7A4F7556}") = "Components.MsgPack", "src\Frameworks\Components.MsgPack\Components.MsgPack.csproj", "{7D0C23CD-E7A1-432E-9D63-FDC4F7FBD3BD}"
EndProject
Project("{9A19103F-16F7-4668-BE54-9A1E7A4F7556}") = "ApplicationApi", "src\Applicational\ApplicationApi\ApplicationApi.csproj", "{2A385763-67C1-441C-8AF1-8AC83A51C873}"
EndProject
Global
	GlobalSection(SolutionConfigurationPlatforms) = preSolution
		Debug|Any CPU = Debug|Any CPU
		Release|Any CPU = Release|Any CPU
	EndGlobalSection
	GlobalSection(ProjectConfigurationPlatforms) = postSolution
		{07DD72EC-AC00-4EA5-96F4-652E150F1BEE}.Debug|Any CPU.ActiveCfg = Debug|Any CPU
		{07DD72EC-AC00-4EA5-96F4-652E150F1BEE}.Debug|Any CPU.Build.0 = Debug|Any CPU
		{07DD72EC-AC00-4EA5-96F4-652E150F1BEE}.Release|Any CPU.ActiveCfg = Release|Any CPU
		{07DD72EC-AC00-4EA5-96F4-652E150F1BEE}.Release|Any CPU.Build.0 = Release|Any CPU
		{759B36CB-95ED-4A22-9660-C9473E3A079B}.Debug|Any CPU.ActiveCfg = Debug|Any CPU
		{759B36CB-95ED-4A22-9660-C9473E3A079B}.Debug|Any CPU.Build.0 = Debug|Any CPU
		{759B36CB-95ED-4A22-9660-C9473E3A079B}.Release|Any CPU.ActiveCfg = Release|Any CPU
		{759B36CB-95ED-4A22-9660-C9473E3A079B}.Release|Any CPU.Build.0 = Release|Any CPU
		{D989AD92-2B1D-406E-9E24-B105457C7426}.Debug|Any CPU.ActiveCfg = Debug|Any CPU
		{D989AD92-2B1D-406E-9E24-B105457C7426}.Debug|Any CPU.Build.0 = Debug|Any CPU
		{D989AD92-2B1D-406E-9E24-B105457C7426}.Release|Any CPU.ActiveCfg = Release|Any CPU
		{D989AD92-2B1D-406E-9E24-B105457C7426}.Release|Any CPU.Build.0 = Release|Any CPU
		{8832BAC3-A326-4A11-9309-444009F106AD}.Debug|Any CPU.ActiveCfg = Debug|Any CPU
		{8832BAC3-A326-4A11-9309-444009F106AD}.Debug|Any CPU.Build.0 = Debug|Any CPU
		{8832BAC3-A326-4A11-9309-444009F106AD}.Release|Any CPU.ActiveCfg = Release|Any CPU
		{8832BAC3-A326-4A11-9309-444009F106AD}.Release|Any CPU.Build.0 = Release|Any CPU
		{FE7A5F14-9E7B-4125-B8CB-96118AC15DC3}.Debug|Any CPU.ActiveCfg = Debug|Any CPU
		{FE7A5F14-9E7B-4125-B8CB-96118AC15DC3}.Debug|Any CPU.Build.0 = Debug|Any CPU
		{FE7A5F14-9E7B-4125-B8CB-96118AC15DC3}.Release|Any CPU.ActiveCfg = Release|Any CPU
		{FE7A5F14-9E7B-4125-B8CB-96118AC15DC3}.Release|Any CPU.Build.0 = Release|Any CPU
		{756744E1-0A03-4D06-B102-6BB2F5C2BFCE}.Debug|Any CPU.ActiveCfg = Debug|Any CPU
		{756744E1-0A03-4D06-B102-6BB2F5C2BFCE}.Debug|Any CPU.Build.0 = Debug|Any CPU
		{756744E1-0A03-4D06-B102-6BB2F5C2BFCE}.Release|Any CPU.ActiveCfg = Release|Any CPU
		{756744E1-0A03-4D06-B102-6BB2F5C2BFCE}.Release|Any CPU.Build.0 = Release|Any CPU
		{7D0C23CD-E7A1-432E-9D63-FDC4F7FBD3BD}.Debug|Any CPU.ActiveCfg = Debug|Any CPU
		{7D0C23CD-E7A1-432E-9D63-FDC4F7FBD3BD}.Debug|Any CPU.Build.0 = Debug|Any CPU
		{7D0C23CD-E7A1-432E-9D63-FDC4F7FBD3BD}.Release|Any CPU.ActiveCfg = Release|Any CPU
		{7D0C23CD-E7A1-432E-9D63-FDC4F7FBD3BD}.Release|Any CPU.Build.0 = Release|Any CPU
		{2A385763-67C1-441C-8AF1-8AC83A51C873}.Debug|Any CPU.ActiveCfg = Debug|Any CPU
		{2A385763-67C1-441C-8AF1-8AC83A51C873}.Debug|Any CPU.Build.0 = Debug|Any CPU
		{2A385763-67C1-441C-8AF1-8AC83A51C873}.Release|Any CPU.ActiveCfg = Release|Any CPU
		{2A385763-67C1-441C-8AF1-8AC83A51C873}.Release|Any CPU.Build.0 = Release|Any CPU
	EndGlobalSection
	GlobalSection(SolutionProperties) = preSolution
		HideSolutionNode = FALSE
	EndGlobalSection
	GlobalSection(NestedProjects) = preSolution
		{07DD72EC-AC00-4EA5-96F4-652E150F1BEE} = {ABF3ED3B-2C34-45F9-B6CA-928776579856}
		{B0C2BE5C-327C-4A75-86F3-7138B8ADD574} = {EAF217B2-BA37-435F-868D-9F7FDF622B7B}
		{63388AD7-E37C-4CCB-85E2-14E8CB408C64} = {EAF217B2-BA37-435F-868D-9F7FDF622B7B}
		{759B36CB-95ED-4A22-9660-C9473E3A079B} = {63388AD7-E37C-4CCB-85E2-14E8CB408C64}
		{D989AD92-2B1D-406E-9E24-B105457C7426} = {63388AD7-E37C-4CCB-85E2-14E8CB408C64}
		{8832BAC3-A326-4A11-9309-444009F106AD} = {63388AD7-E37C-4CCB-85E2-14E8CB408C64}
		{FE7A5F14-9E7B-4125-B8CB-96118AC15DC3} = {B0C2BE5C-327C-4A75-86F3-7138B8ADD574}
		{756744E1-0A03-4D06-B102-6BB2F5C2BFCE} = {B0C2BE5C-327C-4A75-86F3-7138B8ADD574}
		{7D0C23CD-E7A1-432E-9D63-FDC4F7FBD3BD} = {B0C2BE5C-327C-4A75-86F3-7138B8ADD574}
		{2A385763-67C1-441C-8AF1-8AC83A51C873} = {63388AD7-E37C-4CCB-85E2-14E8CB408C64}
	EndGlobalSection
	GlobalSection(ExtensibilityGlobals) = postSolution
		SolutionGuid = {3FD3675D-4AA9-4FFA-94D3-1CA617269635}
	EndGlobalSection
EndGlobal
